
Microsoft Visual Studio Solution File, Format Version 12.00
# Visual Studio Version 16
VisualStudioVersion = 16.0.31424.327
MinimumVisualStudioVersion = 10.0.40219.1
Project("{9A19103F-16F7-4668-BE54-9A1E7A4F7556}") = "MyRezaNabhani.Web", "MyRezaNabhani.Web\MyRezaNabhani.Web.csproj", "{79F6C55F-313F-40DC-9CE5-EB0215B673C0}"
EndProject
Project("{9A19103F-16F7-4668-BE54-9A1E7A4F7556}") = "MyRezaNabhani.DomainClasses", "MyRezaNabhani.DomainClasses\MyRezaNabhani.DomainClasses.csproj", "{C78C3BA0-E90B-4554-9F37-1576A5E9A8FE}"
EndProject
Project("{9A19103F-16F7-4668-BE54-9A1E7A4F7556}") = "MyRezaNabhani.DataLayer", "MyRezaNabhani.DataLayer\MyRezaNabhani.DataLayer.csproj", "{C1FB51C8-8067-4015-BCA7-F8DEC434917F}"
EndProject
Project("{9A19103F-16F7-4668-BE54-9A1E7A4F7556}") = "MyRezaNabhani.Services", "MyRezaNabhani.Services\MyRezaNabhani.Services.csproj", "{47DEFC24-84D7-4A9C-AAC8-ACDA59BA723A}"
EndProject
Project("{9A19103F-16F7-4668-BE54-9A1E7A4F7556}") = "MyRezaNabhani.ViewModels", "MyRezaNabhani.ViewModels\MyRezaNabhani.ViewModels.csproj", "{0F762EB1-3FCD-41EA-86CB-2BCBE2C375F3}"
EndProject
Project("{FAE04EC0-301F-11D3-BF4B-00C04F79EFBC}") = "MyRezaNabhani.Utilities", "MyRezaNabhani.Utilities\MyRezaNabhani.Utilities.csproj", "{2369D715-D004-4785-9CC2-DDA00E536434}"
EndProject
Global
	GlobalSection(SolutionConfigurationPlatforms) = preSolution
		Debug|Any CPU = Debug|Any CPU
		Release|Any CPU = Release|Any CPU
	EndGlobalSection
	GlobalSection(ProjectConfigurationPlatforms) = postSolution
		{79F6C55F-313F-40DC-9CE5-EB0215B673C0}.Debug|Any CPU.ActiveCfg = Debug|Any CPU
		{79F6C55F-313F-40DC-9CE5-EB0215B673C0}.Debug|Any CPU.Build.0 = Debug|Any CPU
		{79F6C55F-313F-40DC-9CE5-EB0215B673C0}.Release|Any CPU.ActiveCfg = Release|Any CPU
		{79F6C55F-313F-40DC-9CE5-EB0215B673C0}.Release|Any CPU.Build.0 = Release|Any CPU
		{C78C3BA0-E90B-4554-9F37-1576A5E9A8FE}.Debug|Any CPU.ActiveCfg = Debug|Any CPU
		{C78C3BA0-E90B-4554-9F37-1576A5E9A8FE}.Debug|Any CPU.Build.0 = Debug|Any CPU
		{C78C3BA0-E90B-4554-9F37-1576A5E9A8FE}.Release|Any CPU.ActiveCfg = Release|Any CPU
		{C78C3BA0-E90B-4554-9F37-1576A5E9A8FE}.Release|Any CPU.Build.0 = Release|Any CPU
		{C1FB51C8-8067-4015-BCA7-F8DEC434917F}.Debug|Any CPU.ActiveCfg = Debug|Any CPU
		{C1FB51C8-8067-4015-BCA7-F8DEC434917F}.Debug|Any CPU.Build.0 = Debug|Any CPU
		{C1FB51C8-8067-4015-BCA7-F8DEC434917F}.Release|Any CPU.ActiveCfg = Release|Any CPU
		{C1FB51C8-8067-4015-BCA7-F8DEC434917F}.Release|Any CPU.Build.0 = Release|Any CPU
		{47DEFC24-84D7-4A9C-AAC8-ACDA59BA723A}.Debug|Any CPU.ActiveCfg = Debug|Any CPU
		{47DEFC24-84D7-4A9C-AAC8-ACDA59BA723A}.Debug|Any CPU.Build.0 = Debug|Any CPU
		{47DEFC24-84D7-4A9C-AAC8-ACDA59BA723A}.Release|Any CPU.ActiveCfg = Release|Any CPU
		{47DEFC24-84D7-4A9C-AAC8-ACDA59BA723A}.Release|Any CPU.Build.0 = Release|Any CPU
		{0F762EB1-3FCD-41EA-86CB-2BCBE2C375F3}.Debug|Any CPU.ActiveCfg = Debug|Any CPU
		{0F762EB1-3FCD-41EA-86CB-2BCBE2C375F3}.Debug|Any CPU.Build.0 = Debug|Any CPU
		{0F762EB1-3FCD-41EA-86CB-2BCBE2C375F3}.Release|Any CPU.ActiveCfg = Release|Any CPU
		{0F762EB1-3FCD-41EA-86CB-2BCBE2C375F3}.Release|Any CPU.Build.0 = Release|Any CPU
		{2369D715-D004-4785-9CC2-DDA00E536434}.Debug|Any CPU.ActiveCfg = Debug|Any CPU
		{2369D715-D004-4785-9CC2-DDA00E536434}.Debug|Any CPU.Build.0 = Debug|Any CPU
		{2369D715-D004-4785-9CC2-DDA00E536434}.Release|Any CPU.ActiveCfg = Release|Any CPU
		{2369D715-D004-4785-9CC2-DDA00E536434}.Release|Any CPU.Build.0 = Release|Any CPU
	EndGlobalSection
	GlobalSection(SolutionProperties) = preSolution
		HideSolutionNode = FALSE
	EndGlobalSection
	GlobalSection(ExtensibilityGlobals) = postSolution
		SolutionGuid = {E0B475EC-A30D-42D8-A46A-A901EA87EA23}
	EndGlobalSection
EndGlobal
